// !$*UTF8*$!
{
	archiveVersion = 1;
	classes = {
	};
	objectVersion = 56;
	objects = {

/* Begin PBXBuildFile section */
		324217C72B59480E00A27BAA /* Learning_SWiftUIApp.swift in Sources */ = {isa = PBXBuildFile; fileRef = 324217C62B59480E00A27BAA /* Learning_SWiftUIApp.swift */; };
		324217C92B59480E00A27BAA /* ContentView.swift in Sources */ = {isa = PBXBuildFile; fileRef = 324217C82B59480E00A27BAA /* ContentView.swift */; };
		324217CB2B59481200A27BAA /* Assets.xcassets in Resources */ = {isa = PBXBuildFile; fileRef = 324217CA2B59481200A27BAA /* Assets.xcassets */; };
		324217CE2B59481200A27BAA /* Preview Assets.xcassets in Resources */ = {isa = PBXBuildFile; fileRef = 324217CD2B59481200A27BAA /* Preview Assets.xcassets */; };
		324217D72B594BC400A27BAA /* OnLongPressGister.swift in Sources */ = {isa = PBXBuildFile; fileRef = 324217D62B594BC400A27BAA /* OnLongPressGister.swift */; };
		324217DA2B59578500A27BAA /* onLongPressGestureWithAnimation .swift in Sources */ = {isa = PBXBuildFile; fileRef = 324217D92B59578500A27BAA /* onLongPressGestureWithAnimation .swift */; };
		324217DD2B5D411A00A27BAA /* MagnificationGesture.swift in Sources */ = {isa = PBXBuildFile; fileRef = 324217DC2B5D411A00A27BAA /* MagnificationGesture.swift */; };
		324217E12B5D554200A27BAA /* RotationGesture.swift in Sources */ = {isa = PBXBuildFile; fileRef = 324217E02B5D554200A27BAA /* RotationGesture.swift */; };
		324217E32B5D5AD800A27BAA /* DragGestureMove.swift in Sources */ = {isa = PBXBuildFile; fileRef = 324217E22B5D5AD800A27BAA /* DragGestureMove.swift */; };
		324217E52B5D74C700A27BAA /* DragGestureMenu.swift in Sources */ = {isa = PBXBuildFile; fileRef = 324217E42B5D74C700A27BAA /* DragGestureMenu.swift */; };
		324217E82B5E7B8600A27BAA /* ScrollViewTask.swift in Sources */ = {isa = PBXBuildFile; fileRef = 324217E72B5E7B8600A27BAA /* ScrollViewTask.swift */; };
/* End PBXBuildFile section */

/* Begin PBXFileReference section */
		324217C32B59480E00A27BAA /* Learning SWiftUI.app */ = {isa = PBXFileReference; explicitFileType = wrapper.application; includeInIndex = 0; path = "Learning SWiftUI.app"; sourceTree = BUILT_PRODUCTS_DIR; };
		324217C62B59480E00A27BAA /* Learning_SWiftUIApp.swift */ = {isa = PBXFileReference; lastKnownFileType = sourcecode.swift; path = Learning_SWiftUIApp.swift; sourceTree = "<group>"; };
		324217C82B59480E00A27BAA /* ContentView.swift */ = {isa = PBXFileReference; lastKnownFileType = sourcecode.swift; path = ContentView.swift; sourceTree = "<group>"; };
		324217CA2B59481200A27BAA /* Assets.xcassets */ = {isa = PBXFileReference; lastKnownFileType = folder.assetcatalog; path = Assets.xcassets; sourceTree = "<group>"; };
		324217CD2B59481200A27BAA /* Preview Assets.xcassets */ = {isa = PBXFileReference; lastKnownFileType = folder.assetcatalog; path = "Preview Assets.xcassets"; sourceTree = "<group>"; };
		324217D62B594BC400A27BAA /* OnLongPressGister.swift */ = {isa = PBXFileReference; lastKnownFileType = sourcecode.swift; path = OnLongPressGister.swift; sourceTree = "<group>"; };
		324217D92B59578500A27BAA /* onLongPressGestureWithAnimation .swift */ = {isa = PBXFileReference; lastKnownFileType = sourcecode.swift; path = "onLongPressGestureWithAnimation .swift"; sourceTree = "<group>"; };
		324217DC2B5D411A00A27BAA /* MagnificationGesture.swift */ = {isa = PBXFileReference; lastKnownFileType = sourcecode.swift; path = MagnificationGesture.swift; sourceTree = "<group>"; };
		324217E02B5D554200A27BAA /* RotationGesture.swift */ = {isa = PBXFileReference; lastKnownFileType = sourcecode.swift; path = RotationGesture.swift; sourceTree = "<group>"; };
		324217E22B5D5AD800A27BAA /* DragGestureMove.swift */ = {isa = PBXFileReference; lastKnownFileType = sourcecode.swift; path = DragGestureMove.swift; sourceTree = "<group>"; };
		324217E42B5D74C700A27BAA /* DragGestureMenu.swift */ = {isa = PBXFileReference; lastKnownFileType = sourcecode.swift; path = DragGestureMenu.swift; sourceTree = "<group>"; };
		324217E72B5E7B8600A27BAA /* ScrollViewTask.swift */ = {isa = PBXFileReference; lastKnownFileType = sourcecode.swift; path = ScrollViewTask.swift; sourceTree = "<group>"; };
/* End PBXFileReference section */

/* Begin PBXFrameworksBuildPhase section */
		324217C02B59480E00A27BAA /* Frameworks */ = {
			isa = PBXFrameworksBuildPhase;
			buildActionMask = 2147483647;
			files = (
			);
			runOnlyForDeploymentPostprocessing = 0;
		};
/* End PBXFrameworksBuildPhase section */

/* Begin PBXGroup section */
		324217BA2B59480E00A27BAA = {
			isa = PBXGroup;
			children = (
				324217C52B59480E00A27BAA /* Learning SWiftUI */,
				324217C42B59480E00A27BAA /* Products */,
			);
			sourceTree = "<group>";
		};
		324217C42B59480E00A27BAA /* Products */ = {
			isa = PBXGroup;
			children = (
				324217C32B59480E00A27BAA /* Learning SWiftUI.app */,
			);
			name = Products;
			sourceTree = "<group>";
		};
		324217C52B59480E00A27BAA /* Learning SWiftUI */ = {
			isa = PBXGroup;
			children = (
				324217E62B5E7B6B00A27BAA /* Day5 */,
				324217DF2B5D553500A27BAA /* day4 */,
				324217DE2B5D4A1E00A27BAA /* Day3 */,
				324217DB2B5D40B500A27BAA /* Day2 */,
				324217D82B594CDC00A27BAA /* Day1 */,
				324217C62B59480E00A27BAA /* Learning_SWiftUIApp.swift */,
				324217C82B59480E00A27BAA /* ContentView.swift */,
				324217CA2B59481200A27BAA /* Assets.xcassets */,
				324217CC2B59481200A27BAA /* Preview Content */,
			);
			path = "Learning SWiftUI";
			sourceTree = "<group>";
		};
		324217CC2B59481200A27BAA /* Preview Content */ = {
			isa = PBXGroup;
			children = (
				324217CD2B59481200A27BAA /* Preview Assets.xcassets */,
			);
			path = "Preview Content";
			sourceTree = "<group>";
		};
		324217D82B594CDC00A27BAA /* Day1 */ = {
			isa = PBXGroup;
			children = (
				324217D62B594BC400A27BAA /* OnLongPressGister.swift */,
				324217D92B59578500A27BAA /* onLongPressGestureWithAnimation .swift */,
			);
			path = Day1;
			sourceTree = "<group>";
		};
		324217DB2B5D40B500A27BAA /* Day2 */ = {
			isa = PBXGroup;
			children = (
				324217DC2B5D411A00A27BAA /* MagnificationGesture.swift */,
			);
			path = Day2;
			sourceTree = "<group>";
		};
		324217DE2B5D4A1E00A27BAA /* Day3 */ = {
			isa = PBXGroup;
			children = (
				324217E02B5D554200A27BAA /* RotationGesture.swift */,
			);
			path = Day3;
			sourceTree = "<group>";
		};
		324217DF2B5D553500A27BAA /* day4 */ = {
			isa = PBXGroup;
			children = (
				324217E22B5D5AD800A27BAA /* DragGestureMove.swift */,
				324217E42B5D74C700A27BAA /* DragGestureMenu.swift */,
			);
			path = day4;
			sourceTree = "<group>";
		};
		324217E62B5E7B6B00A27BAA /* Day5 */ = {
			isa = PBXGroup;
			children = (
				324217E72B5E7B8600A27BAA /* ScrollViewTask.swift */,
			);
			path = Day5;
			sourceTree = "<group>";
		};
/* End PBXGroup section */

/* Begin PBXNativeTarget section */
		324217C22B59480E00A27BAA /* Learning SWiftUI */ = {
			isa = PBXNativeTarget;
			buildConfigurationList = 324217D12B59481200A27BAA /* Build configuration list for PBXNativeTarget "Learning SWiftUI" */;
			buildPhases = (
				324217BF2B59480E00A27BAA /* Sources */,
				324217C02B59480E00A27BAA /* Frameworks */,
				324217C12B59480E00A27BAA /* Resources */,
			);
			buildRules = (
			);
			dependencies = (
			);
			name = "Learning SWiftUI";
			productName = "Learning SWiftUI";
			productReference = 324217C32B59480E00A27BAA /* Learning SWiftUI.app */;
			productType = "com.apple.product-type.application";
		};
/* End PBXNativeTarget section */

/* Begin PBXProject section */
		324217BB2B59480E00A27BAA /* Project object */ = {
			isa = PBXProject;
			attributes = {
				BuildIndependentTargetsInParallel = 1;
				LastSwiftUpdateCheck = 1500;
				LastUpgradeCheck = 1500;
				TargetAttributes = {
					324217C22B59480E00A27BAA = {
						CreatedOnToolsVersion = 15.0.1;
					};
				};
			};
			buildConfigurationList = 324217BE2B59480E00A27BAA /* Build configuration list for PBXProject "Learning SWiftUI" */;
			compatibilityVersion = "Xcode 14.0";
			developmentRegion = en;
			hasScannedForEncodings = 0;
			knownRegions = (
				en,
				Base,
			);
			mainGroup = 324217BA2B59480E00A27BAA;
			productRefGroup = 324217C42B59480E00A27BAA /* Products */;
			projectDirPath = "";
			projectRoot = "";
			targets = (
				324217C22B59480E00A27BAA /* Learning SWiftUI */,
			);
		};
/* End PBXProject section */

/* Begin PBXResourcesBuildPhase section */
		324217C12B59480E00A27BAA /* Resources */ = {
			isa = PBXResourcesBuildPhase;
			buildActionMask = 2147483647;
			files = (
				324217CE2B59481200A27BAA /* Preview Assets.xcassets in Resources */,
				324217CB2B59481200A27BAA /* Assets.xcassets in Resources */,
			);
			runOnlyForDeploymentPostprocessing = 0;
		};
/* End PBXResourcesBuildPhase section */

/* Begin PBXSourcesBuildPhase section */
		324217BF2B59480E00A27BAA /* Sources */ = {
			isa = PBXSourcesBuildPhase;
			buildActionMask = 2147483647;
			files = (
				324217C92B59480E00A27BAA /* ContentView.swift in Sources */,
				324217E12B5D554200A27BAA /* RotationGesture.swift in Sources */,
				324217E52B5D74C700A27BAA /* DragGestureMenu.swift in Sources */,
				324217D72B594BC400A27BAA /* OnLongPressGister.swift in Sources */,
				324217DD2B5D411A00A27BAA /* MagnificationGesture.swift in Sources */,
				324217E32B5D5AD800A27BAA /* DragGestureMove.swift in Sources */,
				324217DA2B59578500A27BAA /* onLongPressGestureWithAnimation .swift in Sources */,
				324217C72B59480E00A27BAA /* Learning_SWiftUIApp.swift in Sources */,
				324217E82B5E7B8600A27BAA /* ScrollViewTask.swift in Sources */,
			);
			runOnlyForDeploymentPostprocessing = 0;
		};
/* End PBXSourcesBuildPhase section */

/* Begin XCBuildConfiguration section */
		324217CF2B59481200A27BAA /* Debug */ = {
			isa = XCBuildConfiguration;
			buildSettings = {
				ALWAYS_SEARCH_USER_PATHS = NO;
				ASSETCATALOG_COMPILER_GENERATE_SWIFT_ASSET_SYMBOL_EXTENSIONS = YES;
				CLANG_ANALYZER_NONNULL = YES;
				CLANG_ANALYZER_NUMBER_OBJECT_CONVERSION = YES_AGGRESSIVE;
				CLANG_CXX_LANGUAGE_STANDARD = "gnu++20";
				CLANG_ENABLE_MODULES = YES;
				CLANG_ENABLE_OBJC_ARC = YES;
				CLANG_ENABLE_OBJC_WEAK = YES;
				CLANG_WARN_BLOCK_CAPTURE_AUTORELEASING = YES;
				CLANG_WARN_BOOL_CONVERSION = YES;
				CLANG_WARN_COMMA = YES;
				CLANG_WARN_CONSTANT_CONVERSION = YES;
				CLANG_WARN_DEPRECATED_OBJC_IMPLEMENTATIONS = YES;
				CLANG_WARN_DIRECT_OBJC_ISA_USAGE = YES_ERROR;
				CLANG_WARN_DOCUMENTATION_COMMENTS = YES;
				CLANG_WARN_EMPTY_BODY = YES;
				CLANG_WARN_ENUM_CONVERSION = YES;
				CLANG_WARN_INFINITE_RECURSION = YES;
				CLANG_WARN_INT_CONVERSION = YES;
				CLANG_WARN_NON_LITERAL_NULL_CONVERSION = YES;
				CLANG_WARN_OBJC_IMPLICIT_RETAIN_SELF = YES;
				CLANG_WARN_OBJC_LITERAL_CONVERSION = YES;
				CLANG_WARN_OBJC_ROOT_CLASS = YES_ERROR;
				CLANG_WARN_QUOTED_INCLUDE_IN_FRAMEWORK_HEADER = YES;
				CLANG_WARN_RANGE_LOOP_ANALYSIS = YES;
				CLANG_WARN_STRICT_PROTOTYPES = YES;
				CLANG_WARN_SUSPICIOUS_MOVE = YES;
				CLANG_WARN_UNGUARDED_AVAILABILITY = YES_AGGRESSIVE;
				CLANG_WARN_UNREACHABLE_CODE = YES;
				CLANG_WARN__DUPLICATE_METHOD_MATCH = YES;
				COPY_PHASE_STRIP = NO;
				DEBUG_INFORMATION_FORMAT = dwarf;
				ENABLE_STRICT_OBJC_MSGSEND = YES;
				ENABLE_TESTABILITY = YES;
				ENABLE_USER_SCRIPT_SANDBOXING = YES;
				GCC_C_LANGUAGE_STANDARD = gnu17;
				GCC_DYNAMIC_NO_PIC = NO;
				GCC_NO_COMMON_BLOCKS = YES;
				GCC_OPTIMIZATION_LEVEL = 0;
				GCC_PREPROCESSOR_DEFINITIONS = (
					"DEBUG=1",
					"$(inherited)",
				);
				GCC_WARN_64_TO_32_BIT_CONVERSION = YES;
				GCC_WARN_ABOUT_RETURN_TYPE = YES_ERROR;
				GCC_WARN_UNDECLARED_SELECTOR = YES;
				GCC_WARN_UNINITIALIZED_AUTOS = YES_AGGRESSIVE;
				GCC_WARN_UNUSED_FUNCTION = YES;
				GCC_WARN_UNUSED_VARIABLE = YES;
				IPHONEOS_DEPLOYMENT_TARGET = 17.0;
				LOCALIZATION_PREFERS_STRING_CATALOGS = YES;
				MTL_ENABLE_DEBUG_INFO = INCLUDE_SOURCE;
				MTL_FAST_MATH = YES;
				ONLY_ACTIVE_ARCH = YES;
				SDKROOT = iphoneos;
				SWIFT_ACTIVE_COMPILATION_CONDITIONS = "DEBUG $(inherited)";
				SWIFT_OPTIMIZATION_LEVEL = "-Onone";
			};
			name = Debug;
		};
		324217D02B59481200A27BAA /* Release */ = {
			isa = XCBuildConfiguration;
			buildSettings = {
				ALWAYS_SEARCH_USER_PATHS = NO;
				ASSETCATALOG_COMPILER_GENERATE_SWIFT_ASSET_SYMBOL_EXTENSIONS = YES;
				CLANG_ANALYZER_NONNULL = YES;
				CLANG_ANALYZER_NUMBER_OBJECT_CONVERSION = YES_AGGRESSIVE;
				CLANG_CXX_LANGUAGE_STANDARD = "gnu++20";
				CLANG_ENABLE_MODULES = YES;
				CLANG_ENABLE_OBJC_ARC = YES;
				CLANG_ENABLE_OBJC_WEAK = YES;
				CLANG_WARN_BLOCK_CAPTURE_AUTORELEASING = YES;
				CLANG_WARN_BOOL_CONVERSION = YES;
				CLANG_WARN_COMMA = YES;
				CLANG_WARN_CONSTANT_CONVERSION = YES;
				CLANG_WARN_DEPRECATED_OBJC_IMPLEMENTATIONS = YES;
				CLANG_WARN_DIRECT_OBJC_ISA_USAGE = YES_ERROR;
				CLANG_WARN_DOCUMENTATION_COMMENTS = YES;
				CLANG_WARN_EMPTY_BODY = YES;
				CLANG_WARN_ENUM_CONVERSION = YES;
				CLANG_WARN_INFINITE_RECURSION = YES;
				CLANG_WARN_INT_CONVERSION = YES;
				CLANG_WARN_NON_LITERAL_NULL_CONVERSION = YES;
				CLANG_WARN_OBJC_IMPLICIT_RETAIN_SELF = YES;
				CLANG_WARN_OBJC_LITERAL_CONVERSION = YES;
				CLANG_WARN_OBJC_ROOT_CLASS = YES_ERROR;
				CLANG_WARN_QUOTED_INCLUDE_IN_FRAMEWORK_HEADER = YES;
				CLANG_WARN_RANGE_LOOP_ANALYSIS = YES;
				CLANG_WARN_STRICT_PROTOTYPES = YES;
				CLANG_WARN_SUSPICIOUS_MOVE = YES;
				CLANG_WARN_UNGUARDED_AVAILABILITY = YES_AGGRESSIVE;
				CLANG_WARN_UNREACHABLE_CODE = YES;
				CLANG_WARN__DUPLICATE_METHOD_MATCH = YES;
				COPY_PHASE_STRIP = NO;
				DEBUG_INFORMATION_FORMAT = "dwarf-with-dsym";
				ENABLE_NS_ASSERTIONS = NO;
				ENABLE_STRICT_OBJC_MSGSEND = YES;
				ENABLE_USER_SCRIPT_SANDBOXING = YES;
				GCC_C_LANGUAGE_STANDARD = gnu17;
				GCC_NO_COMMON_BLOCKS = YES;
				GCC_WARN_64_TO_32_BIT_CONVERSION = YES;
				GCC_WARN_ABOUT_RETURN_TYPE = YES_ERROR;
				GCC_WARN_UNDECLARED_SELECTOR = YES;
				GCC_WARN_UNINITIALIZED_AUTOS = YES_AGGRESSIVE;
				GCC_WARN_UNUSED_FUNCTION = YES;
				GCC_WARN_UNUSED_VARIABLE = YES;
				IPHONEOS_DEPLOYMENT_TARGET = 17.0;
				LOCALIZATION_PREFERS_STRING_CATALOGS = YES;
				MTL_ENABLE_DEBUG_INFO = NO;
				MTL_FAST_MATH = YES;
				SDKROOT = iphoneos;
				SWIFT_COMPILATION_MODE = wholemodule;
				VALIDATE_PRODUCT = YES;
			};
			name = Release;
		};
		324217D22B59481200A27BAA /* Debug */ = {
			isa = XCBuildConfiguration;
			buildSettings = {
				ASSETCATALOG_COMPILER_APPICON_NAME = AppIcon;
				ASSETCATALOG_COMPILER_GLOBAL_ACCENT_COLOR_NAME = AccentColor;
				CODE_SIGN_STYLE = Automatic;
				CURRENT_PROJECT_VERSION = 1;
				DEVELOPMENT_ASSET_PATHS = "\"Learning SWiftUI/Preview Content\"";
				DEVELOPMENT_TEAM = F7JDMRXJ35;
				ENABLE_PREVIEWS = YES;
				GENERATE_INFOPLIST_FILE = YES;
				INFOPLIST_KEY_UIApplicationSceneManifest_Generation = YES;
				INFOPLIST_KEY_UIApplicationSupportsIndirectInputEvents = YES;
				INFOPLIST_KEY_UILaunchScreen_Generation = YES;
				INFOPLIST_KEY_UISupportedInterfaceOrientations_iPad = "UIInterfaceOrientationPortrait UIInterfaceOrientationPortraitUpsideDown UIInterfaceOrientationLandscapeLeft UIInterfaceOrientationLandscapeRight";
				INFOPLIST_KEY_UISupportedInterfaceOrientations_iPhone = "UIInterfaceOrientationPortrait UIInterfaceOrientationLandscapeLeft UIInterfaceOrientationLandscapeRight";
				LD_RUNPATH_SEARCH_PATHS = (
					"$(inherited)",
					"@executable_path/Frameworks",
				);
				MARKETING_VERSION = 1.0;
				PRODUCT_BUNDLE_IDENTIFIER = "swallower10.Learning-SWiftUI";
				PRODUCT_NAME = "$(TARGET_NAME)";
				SWIFT_EMIT_LOC_STRINGS = YES;
				SWIFT_VERSION = 5.0;
				TARGETED_DEVICE_FAMILY = "1,2";
			};
			name = Debug;
		};
		324217D32B59481200A27BAA /* Release */ = {
			isa = XCBuildConfiguration;
			buildSettings = {
				ASSETCATALOG_COMPILER_APPICON_NAME = AppIcon;
				ASSETCATALOG_COMPILER_GLOBAL_ACCENT_COLOR_NAME = AccentColor;
				CODE_SIGN_STYLE = Automatic;
				CURRENT_PROJECT_VERSION = 1;
				DEVELOPMENT_ASSET_PATHS = "\"Learning SWiftUI/Preview Content\"";
				DEVELOPMENT_TEAM = F7JDMRXJ35;
				ENABLE_PREVIEWS = YES;
				GENERATE_INFOPLIST_FILE = YES;
				INFOPLIST_KEY_UIApplicationSceneManifest_Generation = YES;
				INFOPLIST_KEY_UIApplicationSupportsIndirectInputEvents = YES;
				INFOPLIST_KEY_UILaunchScreen_Generation = YES;
				INFOPLIST_KEY_UISupportedInterfaceOrientations_iPad = "UIInterfaceOrientationPortrait UIInterfaceOrientationPortraitUpsideDown UIInterfaceOrientationLandscapeLeft UIInterfaceOrientationLandscapeRight";
				INFOPLIST_KEY_UISupportedInterfaceOrientations_iPhone = "UIInterfaceOrientationPortrait UIInterfaceOrientationLandscapeLeft UIInterfaceOrientationLandscapeRight";
				LD_RUNPATH_SEARCH_PATHS = (
					"$(inherited)",
					"@executable_path/Frameworks",
				);
				MARKETING_VERSION = 1.0;
				PRODUCT_BUNDLE_IDENTIFIER = "swallower10.Learning-SWiftUI";
				PRODUCT_NAME = "$(TARGET_NAME)";
				SWIFT_EMIT_LOC_STRINGS = YES;
				SWIFT_VERSION = 5.0;
				TARGETED_DEVICE_FAMILY = "1,2";
			};
			name = Release;
		};
/* End XCBuildConfiguration section */

/* Begin XCConfigurationList section */
		324217BE2B59480E00A27BAA /* Build configuration list for PBXProject "Learning SWiftUI" */ = {
			isa = XCConfigurationList;
			buildConfigurations = (
				324217CF2B59481200A27BAA /* Debug */,
				324217D02B59481200A27BAA /* Release */,
			);
			defaultConfigurationIsVisible = 0;
			defaultConfigurationName = Release;
		};
		324217D12B59481200A27BAA /* Build configuration list for PBXNativeTarget "Learning SWiftUI" */ = {
			isa = XCConfigurationList;
			buildConfigurations = (
				324217D22B59481200A27BAA /* Debug */,
				324217D32B59481200A27BAA /* Release */,
			);
			defaultConfigurationIsVisible = 0;
			defaultConfigurationName = Release;
		};
/* End XCConfigurationList section */
	};
	rootObject = 324217BB2B59480E00A27BAA /* Project object */;
}
